// !$*UTF8*$!
{
	archiveVersion = 1;
	classes = {
	};
	objectVersion = 56;
	objects = {

/* Begin PBXBuildFile section */
		1D70F2644BC32F88C0879157 /* Pods_truscoop_ios_truscoop_iosUITests.framework in Frameworks */ = {isa = PBXBuildFile; fileRef = 73B2D8F87483A35BE4CF61A1 /* Pods_truscoop_ios_truscoop_iosUITests.framework */; };
		1EDBE2E465F080CF633F9955 /* Pods_truscoop_iosTests.framework in Frameworks */ = {isa = PBXBuildFile; fileRef = DCA7419CD5DB63FD303F328E /* Pods_truscoop_iosTests.framework */; };
		CEA8C5942B15B9FB006E7181 /* SFSafariViewWrapper.swift in Sources */ = {isa = PBXBuildFile; fileRef = CEA8C5932B15B9FB006E7181 /* SFSafariViewWrapper.swift */; };
		CEF60E292B1A102900E4F944 /* APIFetchHandler.swift in Sources */ = {isa = PBXBuildFile; fileRef = CEF60E282B1A102900E4F944 /* APIFetchHandler.swift */; };
		D01C5DC82B19993800AE27AA /* ActionIndicator.swift in Sources */ = {isa = PBXBuildFile; fileRef = D01C5DC72B19993800AE27AA /* ActionIndicator.swift */; };
		D01C5DCA2B19A3E600AE27AA /* ScoopRow.swift in Sources */ = {isa = PBXBuildFile; fileRef = D01C5DC92B19A3E600AE27AA /* ScoopRow.swift */; };
		D096F1FB2B0AA6B000401DBE /* truscoopApp.swift in Sources */ = {isa = PBXBuildFile; fileRef = D096F1FA2B0AA6B000401DBE /* truscoopApp.swift */; };
		D096F1FD2B0AA6B000401DBE /* ContentView.swift in Sources */ = {isa = PBXBuildFile; fileRef = D096F1FC2B0AA6B000401DBE /* ContentView.swift */; };
		D096F1FF2B0AA6B300401DBE /* Assets.xcassets in Resources */ = {isa = PBXBuildFile; fileRef = D096F1FE2B0AA6B300401DBE /* Assets.xcassets */; };
		D096F2032B0AA6B300401DBE /* Preview Assets.xcassets in Resources */ = {isa = PBXBuildFile; fileRef = D096F2022B0AA6B300401DBE /* Preview Assets.xcassets */; };
		D096F20D2B0AA6B400401DBE /* truscoopTests.swift in Sources */ = {isa = PBXBuildFile; fileRef = D096F20C2B0AA6B400401DBE /* truscoopTests.swift */; };
		D096F2172B0AA6B400401DBE /* truscoopUITests.swift in Sources */ = {isa = PBXBuildFile; fileRef = D096F2162B0AA6B400401DBE /* truscoopUITests.swift */; };
		D096F2192B0AA6B400401DBE /* truscoopUITestsLaunchTests.swift in Sources */ = {isa = PBXBuildFile; fileRef = D096F2182B0AA6B400401DBE /* truscoopUITestsLaunchTests.swift */; };
		D096F2262B0ABD5500401DBE /* ScoopsListView.swift in Sources */ = {isa = PBXBuildFile; fileRef = D096F2252B0ABD5500401DBE /* ScoopsListView.swift */; };
		D096F2282B0ABDB000401DBE /* Scoop.swift in Sources */ = {isa = PBXBuildFile; fileRef = D096F2272B0ABDB000401DBE /* Scoop.swift */; };
		D096F25A2B0AD2C300401DBE /* Color.swift in Sources */ = {isa = PBXBuildFile; fileRef = D096F2592B0AD2C300401DBE /* Color.swift */; };
		D096F25C2B0B03FF00401DBE /* ScoopView.swift in Sources */ = {isa = PBXBuildFile; fileRef = D096F25B2B0B03FF00401DBE /* ScoopView.swift */; };
		D096F25E2B0B06D400401DBE /* AddScoopView.swift in Sources */ = {isa = PBXBuildFile; fileRef = D096F25D2B0B06D400401DBE /* AddScoopView.swift */; };
		D0CC8F702B1A59460026D269 /* AppData.swift in Sources */ = {isa = PBXBuildFile; fileRef = D0CC8F6F2B1A59460026D269 /* AppData.swift */; };
		E080D69100FAA2D500FE1A36 /* Pods_truscoop_ios.framework in Frameworks */ = {isa = PBXBuildFile; fileRef = 54C294E372F2A17AE96F5208 /* Pods_truscoop_ios.framework */; };
/* End PBXBuildFile section */

/* Begin PBXContainerItemProxy section */
		D096F2092B0AA6B400401DBE /* PBXContainerItemProxy */ = {
			isa = PBXContainerItemProxy;
			containerPortal = D096F1EF2B0AA6B000401DBE /* Project object */;
			proxyType = 1;
			remoteGlobalIDString = D096F1F62B0AA6B000401DBE;
			remoteInfo = truscoop;
		};
		D096F2132B0AA6B400401DBE /* PBXContainerItemProxy */ = {
			isa = PBXContainerItemProxy;
			containerPortal = D096F1EF2B0AA6B000401DBE /* Project object */;
			proxyType = 1;
			remoteGlobalIDString = D096F1F62B0AA6B000401DBE;
			remoteInfo = truscoop;
		};
/* End PBXContainerItemProxy section */

/* Begin PBXFileReference section */
		1BD4F78BAA4BCB88C7942091 /* Pods-truscoop-iosTests.release.xcconfig */ = {isa = PBXFileReference; includeInIndex = 1; lastKnownFileType = text.xcconfig; name = "Pods-truscoop-iosTests.release.xcconfig"; path = "Target Support Files/Pods-truscoop-iosTests/Pods-truscoop-iosTests.release.xcconfig"; sourceTree = "<group>"; };
		46F70D48E205BFB0B852F510 /* Pods-truscoop-ios.debug.xcconfig */ = {isa = PBXFileReference; includeInIndex = 1; lastKnownFileType = text.xcconfig; name = "Pods-truscoop-ios.debug.xcconfig"; path = "Target Support Files/Pods-truscoop-ios/Pods-truscoop-ios.debug.xcconfig"; sourceTree = "<group>"; };
		54C294E372F2A17AE96F5208 /* Pods_truscoop_ios.framework */ = {isa = PBXFileReference; explicitFileType = wrapper.framework; includeInIndex = 0; path = Pods_truscoop_ios.framework; sourceTree = BUILT_PRODUCTS_DIR; };
		68C81B923BE61B2A80080ADB /* Pods-truscoop-iosTests.debug.xcconfig */ = {isa = PBXFileReference; includeInIndex = 1; lastKnownFileType = text.xcconfig; name = "Pods-truscoop-iosTests.debug.xcconfig"; path = "Target Support Files/Pods-truscoop-iosTests/Pods-truscoop-iosTests.debug.xcconfig"; sourceTree = "<group>"; };
		73B2D8F87483A35BE4CF61A1 /* Pods_truscoop_ios_truscoop_iosUITests.framework */ = {isa = PBXFileReference; explicitFileType = wrapper.framework; includeInIndex = 0; path = Pods_truscoop_ios_truscoop_iosUITests.framework; sourceTree = BUILT_PRODUCTS_DIR; };
		98FCF6E3F9A2C41FE126BB46 /* Pods-truscoop-ios.release.xcconfig */ = {isa = PBXFileReference; includeInIndex = 1; lastKnownFileType = text.xcconfig; name = "Pods-truscoop-ios.release.xcconfig"; path = "Target Support Files/Pods-truscoop-ios/Pods-truscoop-ios.release.xcconfig"; sourceTree = "<group>"; };
		C9A483CEFCEA99251EA36C13 /* Pods-truscoop-ios-truscoop-iosUITests.debug.xcconfig */ = {isa = PBXFileReference; includeInIndex = 1; lastKnownFileType = text.xcconfig; name = "Pods-truscoop-ios-truscoop-iosUITests.debug.xcconfig"; path = "Target Support Files/Pods-truscoop-ios-truscoop-iosUITests/Pods-truscoop-ios-truscoop-iosUITests.debug.xcconfig"; sourceTree = "<group>"; };
		CEA8C5932B15B9FB006E7181 /* SFSafariViewWrapper.swift */ = {isa = PBXFileReference; lastKnownFileType = sourcecode.swift; path = SFSafariViewWrapper.swift; sourceTree = "<group>"; };
		CEF60E282B1A102900E4F944 /* APIFetchHandler.swift */ = {isa = PBXFileReference; lastKnownFileType = sourcecode.swift; path = APIFetchHandler.swift; sourceTree = "<group>"; };
		D01C5DC72B19993800AE27AA /* ActionIndicator.swift */ = {isa = PBXFileReference; lastKnownFileType = sourcecode.swift; path = ActionIndicator.swift; sourceTree = "<group>"; };
		D01C5DC92B19A3E600AE27AA /* ScoopRow.swift */ = {isa = PBXFileReference; lastKnownFileType = sourcecode.swift; path = ScoopRow.swift; sourceTree = "<group>"; };
		D096F1F72B0AA6B000401DBE /* truscoop-ios.app */ = {isa = PBXFileReference; explicitFileType = wrapper.application; includeInIndex = 0; path = "truscoop-ios.app"; sourceTree = BUILT_PRODUCTS_DIR; };
		D096F1FA2B0AA6B000401DBE /* truscoopApp.swift */ = {isa = PBXFileReference; lastKnownFileType = sourcecode.swift; path = truscoopApp.swift; sourceTree = "<group>"; };
		D096F1FC2B0AA6B000401DBE /* ContentView.swift */ = {isa = PBXFileReference; lastKnownFileType = sourcecode.swift; path = ContentView.swift; sourceTree = "<group>"; };
		D096F1FE2B0AA6B300401DBE /* Assets.xcassets */ = {isa = PBXFileReference; lastKnownFileType = folder.assetcatalog; path = Assets.xcassets; sourceTree = "<group>"; };
		D096F2002B0AA6B300401DBE /* truscoop.entitlements */ = {isa = PBXFileReference; lastKnownFileType = text.plist.entitlements; path = truscoop.entitlements; sourceTree = "<group>"; };
		D096F2022B0AA6B300401DBE /* Preview Assets.xcassets */ = {isa = PBXFileReference; lastKnownFileType = folder.assetcatalog; path = "Preview Assets.xcassets"; sourceTree = "<group>"; };
		D096F2082B0AA6B400401DBE /* truscoop-iosTests.xctest */ = {isa = PBXFileReference; explicitFileType = wrapper.cfbundle; includeInIndex = 0; path = "truscoop-iosTests.xctest"; sourceTree = BUILT_PRODUCTS_DIR; };
		D096F20C2B0AA6B400401DBE /* truscoopTests.swift */ = {isa = PBXFileReference; lastKnownFileType = sourcecode.swift; path = truscoopTests.swift; sourceTree = "<group>"; };
		D096F2122B0AA6B400401DBE /* truscoop-iosUITests.xctest */ = {isa = PBXFileReference; explicitFileType = wrapper.cfbundle; includeInIndex = 0; path = "truscoop-iosUITests.xctest"; sourceTree = BUILT_PRODUCTS_DIR; };
		D096F2162B0AA6B400401DBE /* truscoopUITests.swift */ = {isa = PBXFileReference; lastKnownFileType = sourcecode.swift; path = truscoopUITests.swift; sourceTree = "<group>"; };
		D096F2182B0AA6B400401DBE /* truscoopUITestsLaunchTests.swift */ = {isa = PBXFileReference; lastKnownFileType = sourcecode.swift; path = truscoopUITestsLaunchTests.swift; sourceTree = "<group>"; };
		D096F2252B0ABD5500401DBE /* ScoopsListView.swift */ = {isa = PBXFileReference; lastKnownFileType = sourcecode.swift; path = ScoopsListView.swift; sourceTree = "<group>"; };
		D096F2272B0ABDB000401DBE /* Scoop.swift */ = {isa = PBXFileReference; lastKnownFileType = sourcecode.swift; path = Scoop.swift; sourceTree = "<group>"; };
		D096F2582B0ACA8100401DBE /* Info.plist */ = {isa = PBXFileReference; lastKnownFileType = text.plist; path = Info.plist; sourceTree = "<group>"; };
		D096F2592B0AD2C300401DBE /* Color.swift */ = {isa = PBXFileReference; lastKnownFileType = sourcecode.swift; path = Color.swift; sourceTree = "<group>"; };
		D096F25B2B0B03FF00401DBE /* ScoopView.swift */ = {isa = PBXFileReference; lastKnownFileType = sourcecode.swift; path = ScoopView.swift; sourceTree = "<group>"; };
		D096F25D2B0B06D400401DBE /* AddScoopView.swift */ = {isa = PBXFileReference; lastKnownFileType = sourcecode.swift; path = AddScoopView.swift; sourceTree = "<group>"; };
		D0CC8F6F2B1A59460026D269 /* AppData.swift */ = {isa = PBXFileReference; lastKnownFileType = sourcecode.swift; path = AppData.swift; sourceTree = "<group>"; };
		DCA7419CD5DB63FD303F328E /* Pods_truscoop_iosTests.framework */ = {isa = PBXFileReference; explicitFileType = wrapper.framework; includeInIndex = 0; path = Pods_truscoop_iosTests.framework; sourceTree = BUILT_PRODUCTS_DIR; };
		E97F09C9B3F15C1E7A6A2A52 /* Pods-truscoop-ios-truscoop-iosUITests.release.xcconfig */ = {isa = PBXFileReference; includeInIndex = 1; lastKnownFileType = text.xcconfig; name = "Pods-truscoop-ios-truscoop-iosUITests.release.xcconfig"; path = "Target Support Files/Pods-truscoop-ios-truscoop-iosUITests/Pods-truscoop-ios-truscoop-iosUITests.release.xcconfig"; sourceTree = "<group>"; };
/* End PBXFileReference section */

/* Begin PBXFrameworksBuildPhase section */
		D096F1F42B0AA6B000401DBE /* Frameworks */ = {
			isa = PBXFrameworksBuildPhase;
			buildActionMask = 2147483647;
			files = (
				E080D69100FAA2D500FE1A36 /* Pods_truscoop_ios.framework in Frameworks */,
			);
			runOnlyForDeploymentPostprocessing = 0;
		};
		D096F2052B0AA6B400401DBE /* Frameworks */ = {
			isa = PBXFrameworksBuildPhase;
			buildActionMask = 2147483647;
			files = (
				1EDBE2E465F080CF633F9955 /* Pods_truscoop_iosTests.framework in Frameworks */,
			);
			runOnlyForDeploymentPostprocessing = 0;
		};
		D096F20F2B0AA6B400401DBE /* Frameworks */ = {
			isa = PBXFrameworksBuildPhase;
			buildActionMask = 2147483647;
			files = (
				1D70F2644BC32F88C0879157 /* Pods_truscoop_ios_truscoop_iosUITests.framework in Frameworks */,
			);
			runOnlyForDeploymentPostprocessing = 0;
		};
/* End PBXFrameworksBuildPhase section */

/* Begin PBXGroup section */
		205EFA83394276EB0DEB933A /* Pods */ = {
			isa = PBXGroup;
			children = (
				46F70D48E205BFB0B852F510 /* Pods-truscoop-ios.debug.xcconfig */,
				98FCF6E3F9A2C41FE126BB46 /* Pods-truscoop-ios.release.xcconfig */,
				C9A483CEFCEA99251EA36C13 /* Pods-truscoop-ios-truscoop-iosUITests.debug.xcconfig */,
				E97F09C9B3F15C1E7A6A2A52 /* Pods-truscoop-ios-truscoop-iosUITests.release.xcconfig */,
				68C81B923BE61B2A80080ADB /* Pods-truscoop-iosTests.debug.xcconfig */,
				1BD4F78BAA4BCB88C7942091 /* Pods-truscoop-iosTests.release.xcconfig */,
			);
			path = Pods;
			sourceTree = "<group>";
		};
		AA1C8549453D97AC7702ABC8 /* Frameworks */ = {
			isa = PBXGroup;
			children = (
				54C294E372F2A17AE96F5208 /* Pods_truscoop_ios.framework */,
				73B2D8F87483A35BE4CF61A1 /* Pods_truscoop_ios_truscoop_iosUITests.framework */,
				DCA7419CD5DB63FD303F328E /* Pods_truscoop_iosTests.framework */,
			);
			name = Frameworks;
			sourceTree = "<group>";
		};
		CEF60E2A2B1A103B00E4F944 /* API */ = {
			isa = PBXGroup;
			children = (
				CEF60E282B1A102900E4F944 /* APIFetchHandler.swift */,
			);
			path = API;
			sourceTree = "<group>";
		};
		CEF60E2B2B1A108D00E4F944 /* Models */ = {
			isa = PBXGroup;
			children = (
				D096F2272B0ABDB000401DBE /* Scoop.swift */,
			);
			path = Models;
			sourceTree = "<group>";
		};
		CEF60E2C2B1A144900E4F944 /* Views */ = {
			isa = PBXGroup;
			children = (
				D096F1FC2B0AA6B000401DBE /* ContentView.swift */,
				D096F2252B0ABD5500401DBE /* ScoopsListView.swift */,
				D096F25B2B0B03FF00401DBE /* ScoopView.swift */,
				CEA8C5932B15B9FB006E7181 /* SFSafariViewWrapper.swift */,
				D096F25D2B0B06D400401DBE /* AddScoopView.swift */,
			);
			path = Views;
			sourceTree = "<group>";
		};
		CEF60E2D2B1A148E00E4F944 /* Supporting-Views */ = {
			isa = PBXGroup;
			children = (
				D01C5DC72B19993800AE27AA /* ActionIndicator.swift */,
				D01C5DC92B19A3E600AE27AA /* ScoopRow.swift */,
			);
			path = "Supporting-Views";
			sourceTree = "<group>";
		};
		D096F1EE2B0AA6B000401DBE = {
			isa = PBXGroup;
			children = (
				D096F1F92B0AA6B000401DBE /* truscoop */,
				D096F20B2B0AA6B400401DBE /* truscoopTests */,
				D096F2152B0AA6B400401DBE /* truscoopUITests */,
				D096F1F82B0AA6B000401DBE /* Products */,
				205EFA83394276EB0DEB933A /* Pods */,
				AA1C8549453D97AC7702ABC8 /* Frameworks */,
			);
			sourceTree = "<group>";
		};
		D096F1F82B0AA6B000401DBE /* Products */ = {
			isa = PBXGroup;
			children = (
				D096F1F72B0AA6B000401DBE /* truscoop-ios.app */,
				D096F2082B0AA6B400401DBE /* truscoop-iosTests.xctest */,
				D096F2122B0AA6B400401DBE /* truscoop-iosUITests.xctest */,
			);
			name = Products;
			sourceTree = "<group>";
		};
		D096F1F92B0AA6B000401DBE /* truscoop */ = {
			isa = PBXGroup;
			children = (
				CEF60E2D2B1A148E00E4F944 /* Supporting-Views */,
				CEF60E2C2B1A144900E4F944 /* Views */,
				CEF60E2B2B1A108D00E4F944 /* Models */,
				CEF60E2A2B1A103B00E4F944 /* API */,
				D096F2582B0ACA8100401DBE /* Info.plist */,
				D096F1FE2B0AA6B300401DBE /* Assets.xcassets */,
				D096F2002B0AA6B300401DBE /* truscoop.entitlements */,
				D096F2012B0AA6B300401DBE /* Preview Content */,
				D096F1FA2B0AA6B000401DBE /* truscoopApp.swift */,
				D096F2592B0AD2C300401DBE /* Color.swift */,
				D0CC8F6F2B1A59460026D269 /* AppData.swift */,
			);
			path = truscoop;
			sourceTree = "<group>";
		};
		D096F2012B0AA6B300401DBE /* Preview Content */ = {
			isa = PBXGroup;
			children = (
				D096F2022B0AA6B300401DBE /* Preview Assets.xcassets */,
			);
			path = "Preview Content";
			sourceTree = "<group>";
		};
		D096F20B2B0AA6B400401DBE /* truscoopTests */ = {
			isa = PBXGroup;
			children = (
				D096F20C2B0AA6B400401DBE /* truscoopTests.swift */,
			);
			path = truscoopTests;
			sourceTree = "<group>";
		};
		D096F2152B0AA6B400401DBE /* truscoopUITests */ = {
			isa = PBXGroup;
			children = (
				D096F2162B0AA6B400401DBE /* truscoopUITests.swift */,
				D096F2182B0AA6B400401DBE /* truscoopUITestsLaunchTests.swift */,
			);
			path = truscoopUITests;
			sourceTree = "<group>";
		};
/* End PBXGroup section */

/* Begin PBXNativeTarget section */
		D096F1F62B0AA6B000401DBE /* truscoop-ios */ = {
			isa = PBXNativeTarget;
			buildConfigurationList = D096F21C2B0AA6B400401DBE /* Build configuration list for PBXNativeTarget "truscoop-ios" */;
			buildPhases = (
				876C51BC8C482617A5ACAFC7 /* [CP] Check Pods Manifest.lock */,
				D096F1F32B0AA6B000401DBE /* Sources */,
				D096F1F42B0AA6B000401DBE /* Frameworks */,
				D096F1F52B0AA6B000401DBE /* Resources */,
				A4A230DE5B6BC52899A69EEE /* [CP] Embed Pods Frameworks */,
			);
			buildRules = (
			);
			dependencies = (
			);
			name = "truscoop-ios";
			productName = truscoop;
			productReference = D096F1F72B0AA6B000401DBE /* truscoop-ios.app */;
			productType = "com.apple.product-type.application";
		};
		D096F2072B0AA6B400401DBE /* truscoop-iosTests */ = {
			isa = PBXNativeTarget;
			buildConfigurationList = D096F21F2B0AA6B400401DBE /* Build configuration list for PBXNativeTarget "truscoop-iosTests" */;
			buildPhases = (
				50649AA7FCDAF7AE882505E3 /* [CP] Check Pods Manifest.lock */,
				D096F2042B0AA6B400401DBE /* Sources */,
				D096F2052B0AA6B400401DBE /* Frameworks */,
				D096F2062B0AA6B400401DBE /* Resources */,
			);
			buildRules = (
			);
			dependencies = (
				D096F20A2B0AA6B400401DBE /* PBXTargetDependency */,
			);
			name = "truscoop-iosTests";
			productName = truscoopTests;
			productReference = D096F2082B0AA6B400401DBE /* truscoop-iosTests.xctest */;
			productType = "com.apple.product-type.bundle.unit-test";
		};
		D096F2112B0AA6B400401DBE /* truscoop-iosUITests */ = {
			isa = PBXNativeTarget;
			buildConfigurationList = D096F2222B0AA6B400401DBE /* Build configuration list for PBXNativeTarget "truscoop-iosUITests" */;
			buildPhases = (
				42249A357A64F6E449A27929 /* [CP] Check Pods Manifest.lock */,
				D096F20E2B0AA6B400401DBE /* Sources */,
				D096F20F2B0AA6B400401DBE /* Frameworks */,
				D096F2102B0AA6B400401DBE /* Resources */,
				BFD635AA281C598AAAB432B4 /* [CP] Embed Pods Frameworks */,
			);
			buildRules = (
			);
			dependencies = (
				D096F2142B0AA6B400401DBE /* PBXTargetDependency */,
			);
			name = "truscoop-iosUITests";
			productName = truscoopUITests;
			productReference = D096F2122B0AA6B400401DBE /* truscoop-iosUITests.xctest */;
			productType = "com.apple.product-type.bundle.ui-testing";
		};
/* End PBXNativeTarget section */

/* Begin PBXProject section */
		D096F1EF2B0AA6B000401DBE /* Project object */ = {
			isa = PBXProject;
			attributes = {
				BuildIndependentTargetsInParallel = 1;
				LastSwiftUpdateCheck = 1500;
				LastUpgradeCheck = 1500;
				TargetAttributes = {
					D096F1F62B0AA6B000401DBE = {
						CreatedOnToolsVersion = 15.0.1;
					};
					D096F2072B0AA6B400401DBE = {
						CreatedOnToolsVersion = 15.0.1;
						TestTargetID = D096F1F62B0AA6B000401DBE;
					};
					D096F2112B0AA6B400401DBE = {
						CreatedOnToolsVersion = 15.0.1;
						TestTargetID = D096F1F62B0AA6B000401DBE;
					};
				};
			};
			buildConfigurationList = D096F1F22B0AA6B000401DBE /* Build configuration list for PBXProject "truscoop-ios" */;
			compatibilityVersion = "Xcode 14.0";
			developmentRegion = en;
			hasScannedForEncodings = 0;
			knownRegions = (
				en,
				Base,
			);
			mainGroup = D096F1EE2B0AA6B000401DBE;
			productRefGroup = D096F1F82B0AA6B000401DBE /* Products */;
			projectDirPath = "";
			projectRoot = "";
			targets = (
				D096F1F62B0AA6B000401DBE /* truscoop-ios */,
				D096F2072B0AA6B400401DBE /* truscoop-iosTests */,
				D096F2112B0AA6B400401DBE /* truscoop-iosUITests */,
			);
		};
/* End PBXProject section */

/* Begin PBXResourcesBuildPhase section */
		D096F1F52B0AA6B000401DBE /* Resources */ = {
			isa = PBXResourcesBuildPhase;
			buildActionMask = 2147483647;
			files = (
				D096F2032B0AA6B300401DBE /* Preview Assets.xcassets in Resources */,
				D096F1FF2B0AA6B300401DBE /* Assets.xcassets in Resources */,
			);
			runOnlyForDeploymentPostprocessing = 0;
		};
		D096F2062B0AA6B400401DBE /* Resources */ = {
			isa = PBXResourcesBuildPhase;
			buildActionMask = 2147483647;
			files = (
			);
			runOnlyForDeploymentPostprocessing = 0;
		};
		D096F2102B0AA6B400401DBE /* Resources */ = {
			isa = PBXResourcesBuildPhase;
			buildActionMask = 2147483647;
			files = (
			);
			runOnlyForDeploymentPostprocessing = 0;
		};
/* End PBXResourcesBuildPhase section */

/* Begin PBXShellScriptBuildPhase section */
		42249A357A64F6E449A27929 /* [CP] Check Pods Manifest.lock */ = {
			isa = PBXShellScriptBuildPhase;
			buildActionMask = 2147483647;
			files = (
			);
			inputFileListPaths = (
			);
			inputPaths = (
				"${PODS_PODFILE_DIR_PATH}/Podfile.lock",
				"${PODS_ROOT}/Manifest.lock",
			);
			name = "[CP] Check Pods Manifest.lock";
			outputFileListPaths = (
			);
			outputPaths = (
				"$(DERIVED_FILE_DIR)/Pods-truscoop-ios-truscoop-iosUITests-checkManifestLockResult.txt",
			);
			runOnlyForDeploymentPostprocessing = 0;
			shellPath = /bin/sh;
			shellScript = "diff \"${PODS_PODFILE_DIR_PATH}/Podfile.lock\" \"${PODS_ROOT}/Manifest.lock\" > /dev/null\nif [ $? != 0 ] ; then\n    # print error to STDERR\n    echo \"error: The sandbox is not in sync with the Podfile.lock. Run 'pod install' or update your CocoaPods installation.\" >&2\n    exit 1\nfi\n# This output is used by Xcode 'outputs' to avoid re-running this script phase.\necho \"SUCCESS\" > \"${SCRIPT_OUTPUT_FILE_0}\"\n";
			showEnvVarsInLog = 0;
		};
		50649AA7FCDAF7AE882505E3 /* [CP] Check Pods Manifest.lock */ = {
			isa = PBXShellScriptBuildPhase;
			buildActionMask = 2147483647;
			files = (
			);
			inputFileListPaths = (
			);
			inputPaths = (
				"${PODS_PODFILE_DIR_PATH}/Podfile.lock",
				"${PODS_ROOT}/Manifest.lock",
			);
			name = "[CP] Check Pods Manifest.lock";
			outputFileListPaths = (
			);
			outputPaths = (
				"$(DERIVED_FILE_DIR)/Pods-truscoop-iosTests-checkManifestLockResult.txt",
			);
			runOnlyForDeploymentPostprocessing = 0;
			shellPath = /bin/sh;
			shellScript = "diff \"${PODS_PODFILE_DIR_PATH}/Podfile.lock\" \"${PODS_ROOT}/Manifest.lock\" > /dev/null\nif [ $? != 0 ] ; then\n    # print error to STDERR\n    echo \"error: The sandbox is not in sync with the Podfile.lock. Run 'pod install' or update your CocoaPods installation.\" >&2\n    exit 1\nfi\n# This output is used by Xcode 'outputs' to avoid re-running this script phase.\necho \"SUCCESS\" > \"${SCRIPT_OUTPUT_FILE_0}\"\n";
			showEnvVarsInLog = 0;
		};
		876C51BC8C482617A5ACAFC7 /* [CP] Check Pods Manifest.lock */ = {
			isa = PBXShellScriptBuildPhase;
			buildActionMask = 2147483647;
			files = (
			);
			inputFileListPaths = (
			);
			inputPaths = (
				"${PODS_PODFILE_DIR_PATH}/Podfile.lock",
				"${PODS_ROOT}/Manifest.lock",
			);
			name = "[CP] Check Pods Manifest.lock";
			outputFileListPaths = (
			);
			outputPaths = (
				"$(DERIVED_FILE_DIR)/Pods-truscoop-ios-checkManifestLockResult.txt",
			);
			runOnlyForDeploymentPostprocessing = 0;
			shellPath = /bin/sh;
			shellScript = "diff \"${PODS_PODFILE_DIR_PATH}/Podfile.lock\" \"${PODS_ROOT}/Manifest.lock\" > /dev/null\nif [ $? != 0 ] ; then\n    # print error to STDERR\n    echo \"error: The sandbox is not in sync with the Podfile.lock. Run 'pod install' or update your CocoaPods installation.\" >&2\n    exit 1\nfi\n# This output is used by Xcode 'outputs' to avoid re-running this script phase.\necho \"SUCCESS\" > \"${SCRIPT_OUTPUT_FILE_0}\"\n";
			showEnvVarsInLog = 0;
		};
		A4A230DE5B6BC52899A69EEE /* [CP] Embed Pods Frameworks */ = {
			isa = PBXShellScriptBuildPhase;
			buildActionMask = 2147483647;
			files = (
			);
			inputFileListPaths = (
				"${PODS_ROOT}/Target Support Files/Pods-truscoop-ios/Pods-truscoop-ios-frameworks-${CONFIGURATION}-input-files.xcfilelist",
			);
			name = "[CP] Embed Pods Frameworks";
			outputFileListPaths = (
				"${PODS_ROOT}/Target Support Files/Pods-truscoop-ios/Pods-truscoop-ios-frameworks-${CONFIGURATION}-output-files.xcfilelist",
			);
			runOnlyForDeploymentPostprocessing = 0;
			shellPath = /bin/sh;
			shellScript = "\"${PODS_ROOT}/Target Support Files/Pods-truscoop-ios/Pods-truscoop-ios-frameworks.sh\"\n";
			showEnvVarsInLog = 0;
		};
		BFD635AA281C598AAAB432B4 /* [CP] Embed Pods Frameworks */ = {
			isa = PBXShellScriptBuildPhase;
			buildActionMask = 2147483647;
			files = (
			);
			inputFileListPaths = (
				"${PODS_ROOT}/Target Support Files/Pods-truscoop-ios-truscoop-iosUITests/Pods-truscoop-ios-truscoop-iosUITests-frameworks-${CONFIGURATION}-input-files.xcfilelist",
			);
			name = "[CP] Embed Pods Frameworks";
			outputFileListPaths = (
				"${PODS_ROOT}/Target Support Files/Pods-truscoop-ios-truscoop-iosUITests/Pods-truscoop-ios-truscoop-iosUITests-frameworks-${CONFIGURATION}-output-files.xcfilelist",
			);
			runOnlyForDeploymentPostprocessing = 0;
			shellPath = /bin/sh;
			shellScript = "\"${PODS_ROOT}/Target Support Files/Pods-truscoop-ios-truscoop-iosUITests/Pods-truscoop-ios-truscoop-iosUITests-frameworks.sh\"\n";
			showEnvVarsInLog = 0;
		};
/* End PBXShellScriptBuildPhase section */

/* Begin PBXSourcesBuildPhase section */
		D096F1F32B0AA6B000401DBE /* Sources */ = {
			isa = PBXSourcesBuildPhase;
			buildActionMask = 2147483647;
			files = (
				D01C5DC82B19993800AE27AA /* ActionIndicator.swift in Sources */,
				D01C5DCA2B19A3E600AE27AA /* ScoopRow.swift in Sources */,
				D096F2282B0ABDB000401DBE /* Scoop.swift in Sources */,
				D096F25C2B0B03FF00401DBE /* ScoopView.swift in Sources */,
				D096F1FD2B0AA6B000401DBE /* ContentView.swift in Sources */,
				CEA8C5942B15B9FB006E7181 /* SFSafariViewWrapper.swift in Sources */,
				D096F2262B0ABD5500401DBE /* ScoopsListView.swift in Sources */,
				D096F25A2B0AD2C300401DBE /* Color.swift in Sources */,
				D096F1FB2B0AA6B000401DBE /* truscoopApp.swift in Sources */,
				D096F25E2B0B06D400401DBE /* AddScoopView.swift in Sources */,
				CEF60E292B1A102900E4F944 /* APIFetchHandler.swift in Sources */,
				D0CC8F702B1A59460026D269 /* AppData.swift in Sources */,
			);
			runOnlyForDeploymentPostprocessing = 0;
		};
		D096F2042B0AA6B400401DBE /* Sources */ = {
			isa = PBXSourcesBuildPhase;
			buildActionMask = 2147483647;
			files = (
				D096F20D2B0AA6B400401DBE /* truscoopTests.swift in Sources */,
			);
			runOnlyForDeploymentPostprocessing = 0;
		};
		D096F20E2B0AA6B400401DBE /* Sources */ = {
			isa = PBXSourcesBuildPhase;
			buildActionMask = 2147483647;
			files = (
				D096F2192B0AA6B400401DBE /* truscoopUITestsLaunchTests.swift in Sources */,
				D096F2172B0AA6B400401DBE /* truscoopUITests.swift in Sources */,
			);
			runOnlyForDeploymentPostprocessing = 0;
		};
/* End PBXSourcesBuildPhase section */

/* Begin PBXTargetDependency section */
		D096F20A2B0AA6B400401DBE /* PBXTargetDependency */ = {
			isa = PBXTargetDependency;
			target = D096F1F62B0AA6B000401DBE /* truscoop-ios */;
			targetProxy = D096F2092B0AA6B400401DBE /* PBXContainerItemProxy */;
		};
		D096F2142B0AA6B400401DBE /* PBXTargetDependency */ = {
			isa = PBXTargetDependency;
			target = D096F1F62B0AA6B000401DBE /* truscoop-ios */;
			targetProxy = D096F2132B0AA6B400401DBE /* PBXContainerItemProxy */;
		};
/* End PBXTargetDependency section */

/* Begin XCBuildConfiguration section */
		D096F21A2B0AA6B400401DBE /* Debug */ = {
			isa = XCBuildConfiguration;
			buildSettings = {
				ALWAYS_SEARCH_USER_PATHS = NO;
				ASSETCATALOG_COMPILER_GENERATE_SWIFT_ASSET_SYMBOL_EXTENSIONS = YES;
				CLANG_ANALYZER_NONNULL = YES;
				CLANG_ANALYZER_NUMBER_OBJECT_CONVERSION = YES_AGGRESSIVE;
				CLANG_CXX_LANGUAGE_STANDARD = "gnu++20";
				CLANG_ENABLE_MODULES = YES;
				CLANG_ENABLE_OBJC_ARC = YES;
				CLANG_ENABLE_OBJC_WEAK = YES;
				CLANG_WARN_BLOCK_CAPTURE_AUTORELEASING = YES;
				CLANG_WARN_BOOL_CONVERSION = YES;
				CLANG_WARN_COMMA = YES;
				CLANG_WARN_CONSTANT_CONVERSION = YES;
				CLANG_WARN_DEPRECATED_OBJC_IMPLEMENTATIONS = YES;
				CLANG_WARN_DIRECT_OBJC_ISA_USAGE = YES_ERROR;
				CLANG_WARN_DOCUMENTATION_COMMENTS = YES;
				CLANG_WARN_EMPTY_BODY = YES;
				CLANG_WARN_ENUM_CONVERSION = YES;
				CLANG_WARN_INFINITE_RECURSION = YES;
				CLANG_WARN_INT_CONVERSION = YES;
				CLANG_WARN_NON_LITERAL_NULL_CONVERSION = YES;
				CLANG_WARN_OBJC_IMPLICIT_RETAIN_SELF = YES;
				CLANG_WARN_OBJC_LITERAL_CONVERSION = YES;
				CLANG_WARN_OBJC_ROOT_CLASS = YES_ERROR;
				CLANG_WARN_QUOTED_INCLUDE_IN_FRAMEWORK_HEADER = YES;
				CLANG_WARN_RANGE_LOOP_ANALYSIS = YES;
				CLANG_WARN_STRICT_PROTOTYPES = YES;
				CLANG_WARN_SUSPICIOUS_MOVE = YES;
				CLANG_WARN_UNGUARDED_AVAILABILITY = YES_AGGRESSIVE;
				CLANG_WARN_UNREACHABLE_CODE = YES;
				CLANG_WARN__DUPLICATE_METHOD_MATCH = YES;
				COPY_PHASE_STRIP = NO;
				DEBUG_INFORMATION_FORMAT = dwarf;
				ENABLE_STRICT_OBJC_MSGSEND = YES;
				ENABLE_TESTABILITY = YES;
				ENABLE_USER_SCRIPT_SANDBOXING = YES;
				GCC_C_LANGUAGE_STANDARD = gnu17;
				GCC_DYNAMIC_NO_PIC = NO;
				GCC_NO_COMMON_BLOCKS = YES;
				GCC_OPTIMIZATION_LEVEL = 0;
				GCC_PREPROCESSOR_DEFINITIONS = (
					"DEBUG=1",
					"$(inherited)",
				);
				GCC_WARN_64_TO_32_BIT_CONVERSION = YES;
				GCC_WARN_ABOUT_RETURN_TYPE = YES_ERROR;
				GCC_WARN_UNDECLARED_SELECTOR = YES;
				GCC_WARN_UNINITIALIZED_AUTOS = YES_AGGRESSIVE;
				GCC_WARN_UNUSED_FUNCTION = YES;
				GCC_WARN_UNUSED_VARIABLE = YES;
				LOCALIZATION_PREFERS_STRING_CATALOGS = YES;
				MTL_ENABLE_DEBUG_INFO = INCLUDE_SOURCE;
				MTL_FAST_MATH = YES;
				ONLY_ACTIVE_ARCH = YES;
				SWIFT_ACTIVE_COMPILATION_CONDITIONS = "DEBUG $(inherited)";
				SWIFT_OPTIMIZATION_LEVEL = "-Onone";
			};
			name = Debug;
		};
		D096F21B2B0AA6B400401DBE /* Release */ = {
			isa = XCBuildConfiguration;
			buildSettings = {
				ALWAYS_SEARCH_USER_PATHS = NO;
				ASSETCATALOG_COMPILER_GENERATE_SWIFT_ASSET_SYMBOL_EXTENSIONS = YES;
				CLANG_ANALYZER_NONNULL = YES;
				CLANG_ANALYZER_NUMBER_OBJECT_CONVERSION = YES_AGGRESSIVE;
				CLANG_CXX_LANGUAGE_STANDARD = "gnu++20";
				CLANG_ENABLE_MODULES = YES;
				CLANG_ENABLE_OBJC_ARC = YES;
				CLANG_ENABLE_OBJC_WEAK = YES;
				CLANG_WARN_BLOCK_CAPTURE_AUTORELEASING = YES;
				CLANG_WARN_BOOL_CONVERSION = YES;
				CLANG_WARN_COMMA = YES;
				CLANG_WARN_CONSTANT_CONVERSION = YES;
				CLANG_WARN_DEPRECATED_OBJC_IMPLEMENTATIONS = YES;
				CLANG_WARN_DIRECT_OBJC_ISA_USAGE = YES_ERROR;
				CLANG_WARN_DOCUMENTATION_COMMENTS = YES;
				CLANG_WARN_EMPTY_BODY = YES;
				CLANG_WARN_ENUM_CONVERSION = YES;
				CLANG_WARN_INFINITE_RECURSION = YES;
				CLANG_WARN_INT_CONVERSION = YES;
				CLANG_WARN_NON_LITERAL_NULL_CONVERSION = YES;
				CLANG_WARN_OBJC_IMPLICIT_RETAIN_SELF = YES;
				CLANG_WARN_OBJC_LITERAL_CONVERSION = YES;
				CLANG_WARN_OBJC_ROOT_CLASS = YES_ERROR;
				CLANG_WARN_QUOTED_INCLUDE_IN_FRAMEWORK_HEADER = YES;
				CLANG_WARN_RANGE_LOOP_ANALYSIS = YES;
				CLANG_WARN_STRICT_PROTOTYPES = YES;
				CLANG_WARN_SUSPICIOUS_MOVE = YES;
				CLANG_WARN_UNGUARDED_AVAILABILITY = YES_AGGRESSIVE;
				CLANG_WARN_UNREACHABLE_CODE = YES;
				CLANG_WARN__DUPLICATE_METHOD_MATCH = YES;
				COPY_PHASE_STRIP = NO;
				DEBUG_INFORMATION_FORMAT = "dwarf-with-dsym";
				ENABLE_NS_ASSERTIONS = NO;
				ENABLE_STRICT_OBJC_MSGSEND = YES;
				ENABLE_USER_SCRIPT_SANDBOXING = YES;
				GCC_C_LANGUAGE_STANDARD = gnu17;
				GCC_NO_COMMON_BLOCKS = YES;
				GCC_WARN_64_TO_32_BIT_CONVERSION = YES;
				GCC_WARN_ABOUT_RETURN_TYPE = YES_ERROR;
				GCC_WARN_UNDECLARED_SELECTOR = YES;
				GCC_WARN_UNINITIALIZED_AUTOS = YES_AGGRESSIVE;
				GCC_WARN_UNUSED_FUNCTION = YES;
				GCC_WARN_UNUSED_VARIABLE = YES;
				LOCALIZATION_PREFERS_STRING_CATALOGS = YES;
				MTL_ENABLE_DEBUG_INFO = NO;
				MTL_FAST_MATH = YES;
				SWIFT_COMPILATION_MODE = wholemodule;
			};
			name = Release;
		};
		D096F21D2B0AA6B400401DBE /* Debug */ = {
			isa = XCBuildConfiguration;
			baseConfigurationReference = 46F70D48E205BFB0B852F510 /* Pods-truscoop-ios.debug.xcconfig */;
			buildSettings = {
				ASSETCATALOG_COMPILER_APPICON_NAME = AppIcon;
				ASSETCATALOG_COMPILER_GLOBAL_ACCENT_COLOR_NAME = AccentColor;
				CODE_SIGN_ENTITLEMENTS = truscoop/truscoop.entitlements;
				CODE_SIGN_STYLE = Automatic;
				CURRENT_PROJECT_VERSION = 1;
				DEVELOPMENT_ASSET_PATHS = "\"truscoop/Preview Content\"";
				ENABLE_PREVIEWS = YES;
				ENABLE_USER_SCRIPT_SANDBOXING = NO;
				GENERATE_INFOPLIST_FILE = YES;
				INFOPLIST_FILE = truscoop/Info.plist;
				"INFOPLIST_KEY_UIApplicationSceneManifest_Generation[sdk=iphoneos*]" = YES;
				"INFOPLIST_KEY_UIApplicationSceneManifest_Generation[sdk=iphonesimulator*]" = YES;
				"INFOPLIST_KEY_UIApplicationSupportsIndirectInputEvents[sdk=iphoneos*]" = YES;
				"INFOPLIST_KEY_UIApplicationSupportsIndirectInputEvents[sdk=iphonesimulator*]" = YES;
				"INFOPLIST_KEY_UILaunchScreen_Generation[sdk=iphoneos*]" = YES;
				"INFOPLIST_KEY_UILaunchScreen_Generation[sdk=iphonesimulator*]" = YES;
				"INFOPLIST_KEY_UIStatusBarStyle[sdk=iphoneos*]" = UIStatusBarStyleDefault;
				"INFOPLIST_KEY_UIStatusBarStyle[sdk=iphonesimulator*]" = UIStatusBarStyleDefault;
				INFOPLIST_KEY_UISupportedInterfaceOrientations_iPad = "UIInterfaceOrientationPortrait UIInterfaceOrientationPortraitUpsideDown UIInterfaceOrientationLandscapeLeft UIInterfaceOrientationLandscapeRight";
				INFOPLIST_KEY_UISupportedInterfaceOrientations_iPhone = "UIInterfaceOrientationPortrait UIInterfaceOrientationLandscapeLeft UIInterfaceOrientationLandscapeRight";
				IPHONEOS_DEPLOYMENT_TARGET = 17.0;
				LD_RUNPATH_SEARCH_PATHS = "@executable_path/Frameworks";
				"LD_RUNPATH_SEARCH_PATHS[sdk=macosx*]" = "@executable_path/../Frameworks";
				MACOSX_DEPLOYMENT_TARGET = 13.5;
				MARKETING_VERSION = 1.0;
				PRODUCT_BUNDLE_IDENTIFIER = com.peterbidoshi.truscoop;
				PRODUCT_NAME = "$(TARGET_NAME)";
				SDKROOT = auto;
				SUPPORTED_PLATFORMS = "iphoneos iphonesimulator macosx";
				SWIFT_EMIT_LOC_STRINGS = YES;
				SWIFT_VERSION = 5.0;
				TARGETED_DEVICE_FAMILY = "1,2";
			};
			name = Debug;
		};
		D096F21E2B0AA6B400401DBE /* Release */ = {
			isa = XCBuildConfiguration;
			baseConfigurationReference = 98FCF6E3F9A2C41FE126BB46 /* Pods-truscoop-ios.release.xcconfig */;
			buildSettings = {
				ASSETCATALOG_COMPILER_APPICON_NAME = AppIcon;
				ASSETCATALOG_COMPILER_GLOBAL_ACCENT_COLOR_NAME = AccentColor;
				CODE_SIGN_ENTITLEMENTS = truscoop/truscoop.entitlements;
				CODE_SIGN_STYLE = Automatic;
				CURRENT_PROJECT_VERSION = 1;
				DEVELOPMENT_ASSET_PATHS = "\"truscoop/Preview Content\"";
				ENABLE_PREVIEWS = YES;
				ENABLE_USER_SCRIPT_SANDBOXING = NO;
				GENERATE_INFOPLIST_FILE = YES;
				INFOPLIST_FILE = truscoop/Info.plist;
				"INFOPLIST_KEY_UIApplicationSceneManifest_Generation[sdk=iphoneos*]" = YES;
				"INFOPLIST_KEY_UIApplicationSceneManifest_Generation[sdk=iphonesimulator*]" = YES;
				"INFOPLIST_KEY_UIApplicationSupportsIndirectInputEvents[sdk=iphoneos*]" = YES;
				"INFOPLIST_KEY_UIApplicationSupportsIndirectInputEvents[sdk=iphonesimulator*]" = YES;
				"INFOPLIST_KEY_UILaunchScreen_Generation[sdk=iphoneos*]" = YES;
				"INFOPLIST_KEY_UILaunchScreen_Generation[sdk=iphonesimulator*]" = YES;
				"INFOPLIST_KEY_UIStatusBarStyle[sdk=iphoneos*]" = UIStatusBarStyleDefault;
				"INFOPLIST_KEY_UIStatusBarStyle[sdk=iphonesimulator*]" = UIStatusBarStyleDefault;
				INFOPLIST_KEY_UISupportedInterfaceOrientations_iPad = "UIInterfaceOrientationPortrait UIInterfaceOrientationPortraitUpsideDown UIInterfaceOrientationLandscapeLeft UIInterfaceOrientationLandscapeRight";
				INFOPLIST_KEY_UISupportedInterfaceOrientations_iPhone = "UIInterfaceOrientationPortrait UIInterfaceOrientationLandscapeLeft UIInterfaceOrientationLandscapeRight";
				IPHONEOS_DEPLOYMENT_TARGET = 17.0;
				LD_RUNPATH_SEARCH_PATHS = "@executable_path/Frameworks";
				"LD_RUNPATH_SEARCH_PATHS[sdk=macosx*]" = "@executable_path/../Frameworks";
				MACOSX_DEPLOYMENT_TARGET = 13.5;
				MARKETING_VERSION = 1.0;
				PRODUCT_BUNDLE_IDENTIFIER = com.peterbidoshi.truscoop;
				PRODUCT_NAME = "$(TARGET_NAME)";
				SDKROOT = auto;
				SUPPORTED_PLATFORMS = "iphoneos iphonesimulator macosx";
				SWIFT_EMIT_LOC_STRINGS = YES;
				SWIFT_VERSION = 5.0;
				TARGETED_DEVICE_FAMILY = "1,2";
			};
			name = Release;
		};
		D096F2202B0AA6B400401DBE /* Debug */ = {
			isa = XCBuildConfiguration;
			baseConfigurationReference = 68C81B923BE61B2A80080ADB /* Pods-truscoop-iosTests.debug.xcconfig */;
			buildSettings = {
				ALWAYS_EMBED_SWIFT_STANDARD_LIBRARIES = YES;
				BUNDLE_LOADER = "$(TEST_HOST)";
				CODE_SIGN_STYLE = Automatic;
				CURRENT_PROJECT_VERSION = 1;
				GENERATE_INFOPLIST_FILE = YES;
				IPHONEOS_DEPLOYMENT_TARGET = 17.0;
				MACOSX_DEPLOYMENT_TARGET = 13.5;
				MARKETING_VERSION = 1.0;
				PRODUCT_BUNDLE_IDENTIFIER = com.peterbidoshi.truscoopTests;
				PRODUCT_NAME = "$(TARGET_NAME)";
				SDKROOT = auto;
				SUPPORTED_PLATFORMS = "iphoneos iphonesimulator macosx";
				SWIFT_EMIT_LOC_STRINGS = NO;
				SWIFT_VERSION = 5.0;
				TARGETED_DEVICE_FAMILY = "1,2";
				TEST_HOST = "$(BUILT_PRODUCTS_DIR)/truscoop-ios.app/$(BUNDLE_EXECUTABLE_FOLDER_PATH)/truscoop-ios";
			};
			name = Debug;
		};
		D096F2212B0AA6B400401DBE /* Release */ = {
			isa = XCBuildConfiguration;
			baseConfigurationReference = 1BD4F78BAA4BCB88C7942091 /* Pods-truscoop-iosTests.release.xcconfig */;
			buildSettings = {
				ALWAYS_EMBED_SWIFT_STANDARD_LIBRARIES = YES;
				BUNDLE_LOADER = "$(TEST_HOST)";
				CODE_SIGN_STYLE = Automatic;
				CURRENT_PROJECT_VERSION = 1;
				GENERATE_INFOPLIST_FILE = YES;
				IPHONEOS_DEPLOYMENT_TARGET = 17.0;
				MACOSX_DEPLOYMENT_TARGET = 13.5;
				MARKETING_VERSION = 1.0;
				PRODUCT_BUNDLE_IDENTIFIER = com.peterbidoshi.truscoopTests;
				PRODUCT_NAME = "$(TARGET_NAME)";
				SDKROOT = auto;
				SUPPORTED_PLATFORMS = "iphoneos iphonesimulator macosx";
				SWIFT_EMIT_LOC_STRINGS = NO;
				SWIFT_VERSION = 5.0;
				TARGETED_DEVICE_FAMILY = "1,2";
				TEST_HOST = "$(BUILT_PRODUCTS_DIR)/truscoop-ios.app/$(BUNDLE_EXECUTABLE_FOLDER_PATH)/truscoop-ios";
			};
			name = Release;
		};
		D096F2232B0AA6B400401DBE /* Debug */ = {
			isa = XCBuildConfiguration;
			baseConfigurationReference = C9A483CEFCEA99251EA36C13 /* Pods-truscoop-ios-truscoop-iosUITests.debug.xcconfig */;
			buildSettings = {
				ALWAYS_EMBED_SWIFT_STANDARD_LIBRARIES = YES;
				CODE_SIGN_STYLE = Automatic;
				CURRENT_PROJECT_VERSION = 1;
				GENERATE_INFOPLIST_FILE = YES;
				IPHONEOS_DEPLOYMENT_TARGET = 17.0;
				MACOSX_DEPLOYMENT_TARGET = 13.5;
				MARKETING_VERSION = 1.0;
				PRODUCT_BUNDLE_IDENTIFIER = com.peterbidoshi.truscoopUITests;
				PRODUCT_NAME = "$(TARGET_NAME)";
				SDKROOT = auto;
				SUPPORTED_PLATFORMS = "iphoneos iphonesimulator macosx";
				SWIFT_EMIT_LOC_STRINGS = NO;
				SWIFT_VERSION = 5.0;
				TARGETED_DEVICE_FAMILY = "1,2";
				TEST_TARGET_NAME = truscoop;
			};
			name = Debug;
		};
		D096F2242B0AA6B400401DBE /* Release */ = {
			isa = XCBuildConfiguration;
			baseConfigurationReference = E97F09C9B3F15C1E7A6A2A52 /* Pods-truscoop-ios-truscoop-iosUITests.release.xcconfig */;
			buildSettings = {
				ALWAYS_EMBED_SWIFT_STANDARD_LIBRARIES = YES;
				CODE_SIGN_STYLE = Automatic;
				CURRENT_PROJECT_VERSION = 1;
				GENERATE_INFOPLIST_FILE = YES;
				IPHONEOS_DEPLOYMENT_TARGET = 17.0;
				MACOSX_DEPLOYMENT_TARGET = 13.5;
				MARKETING_VERSION = 1.0;
				PRODUCT_BUNDLE_IDENTIFIER = com.peterbidoshi.truscoopUITests;
				PRODUCT_NAME = "$(TARGET_NAME)";
				SDKROOT = auto;
				SUPPORTED_PLATFORMS = "iphoneos iphonesimulator macosx";
				SWIFT_EMIT_LOC_STRINGS = NO;
				SWIFT_VERSION = 5.0;
				TARGETED_DEVICE_FAMILY = "1,2";
				TEST_TARGET_NAME = truscoop;
			};
			name = Release;
		};
/* End XCBuildConfiguration section */

/* Begin XCConfigurationList section */
		D096F1F22B0AA6B000401DBE /* Build configuration list for PBXProject "truscoop-ios" */ = {
			isa = XCConfigurationList;
			buildConfigurations = (
				D096F21A2B0AA6B400401DBE /* Debug */,
				D096F21B2B0AA6B400401DBE /* Release */,
			);
			defaultConfigurationIsVisible = 0;
			defaultConfigurationName = Release;
		};
		D096F21C2B0AA6B400401DBE /* Build configuration list for PBXNativeTarget "truscoop-ios" */ = {
			isa = XCConfigurationList;
			buildConfigurations = (
				D096F21D2B0AA6B400401DBE /* Debug */,
				D096F21E2B0AA6B400401DBE /* Release */,
			);
			defaultConfigurationIsVisible = 0;
			defaultConfigurationName = Release;
		};
		D096F21F2B0AA6B400401DBE /* Build configuration list for PBXNativeTarget "truscoop-iosTests" */ = {
			isa = XCConfigurationList;
			buildConfigurations = (
				D096F2202B0AA6B400401DBE /* Debug */,
				D096F2212B0AA6B400401DBE /* Release */,
			);
			defaultConfigurationIsVisible = 0;
			defaultConfigurationName = Release;
		};
		D096F2222B0AA6B400401DBE /* Build configuration list for PBXNativeTarget "truscoop-iosUITests" */ = {
			isa = XCConfigurationList;
			buildConfigurations = (
				D096F2232B0AA6B400401DBE /* Debug */,
				D096F2242B0AA6B400401DBE /* Release */,
			);
			defaultConfigurationIsVisible = 0;
			defaultConfigurationName = Release;
		};
/* End XCConfigurationList section */
	};
	rootObject = D096F1EF2B0AA6B000401DBE /* Project object */;
}
